[[package]]
name = "pyhumps"
version = "3.0.2"
description = "🐫  Convert strings (and dictionary keys) between snake case, camel case and pascal case in Python. Inspired by Humps for Node"
category = "main"
optional = false
python-versions = "*"

[metadata]
lock-version = "1.1"
python-versions = "^3.8"
content-hash = "2a77819244d11b5632780071e403cc98d11c05bc4ad9b13f306bab4ee396fe9e"

[metadata.files]
pyhumps = [
    {file = "pyhumps-3.0.2-py3-none-any.whl", hash = "sha256:367b1aadcaa64f8196a3cd14f56559a5602950aeb8486f49318e7394f5e18052"},
    {file = "pyhumps-3.0.2.tar.gz", hash = "sha256:042b4b6eec6c1f862f8310c0eebbae19293e9edab8cafb030ff78c890ef1aa34"},
]
